
Microsoft Visual Studio Solution File, Format Version 12.00
# Visual Studio Version 16
VisualStudioVersion = 16.0.31112.23
MinimumVisualStudioVersion = 10.0.40219.1
Project("{FAE04EC0-301F-11D3-BF4B-00C04F79EFBC}") = "Puzzle2", "Puzzle2\Puzzle2.csproj", "{AAC1E674-EDE6-4B19-B8FF-2B03DB6E3AD4}"
EndProject
Global
	GlobalSection(SolutionConfigurationPlatforms) = preSolution
		Debug|Any CPU = Debug|Any CPU
		Release|Any CPU = Release|Any CPU
	EndGlobalSection
	GlobalSection(ProjectConfigurationPlatforms) = postSolution
		{AAC1E674-EDE6-4B19-B8FF-2B03DB6E3AD4}.Debug|Any CPU.ActiveCfg = Debug|Any CPU
		{AAC1E674-EDE6-4B19-B8FF-2B03DB6E3AD4}.Debug|Any CPU.Build.0 = Debug|Any CPU
		{AAC1E674-EDE6-4B19-B8FF-2B03DB6E3AD4}.Release|Any CPU.ActiveCfg = Release|Any CPU
		{AAC1E674-EDE6-4B19-B8FF-2B03DB6E3AD4}.Release|Any CPU.Build.0 = Release|Any CPU
	EndGlobalSection
	GlobalSection(SolutionProperties) = preSolution
		HideSolutionNode = FALSE
	EndGlobalSection
	GlobalSection(ExtensibilityGlobals) = postSolution
		SolutionGuid = {11131376-AEC5-4FD6-83FB-654BFC25AB32}
	EndGlobalSection
EndGlobal
